// !$*UTF8*$!
{
	archiveVersion = 1;
	classes = {
	};
	objectVersion = 56;
	objects = {

/* Begin PBXBuildFile section */
		2F3460452C652CBA0048BECD /* ExploreView.swift in Sources */ = {isa = PBXBuildFile; fileRef = 2F3460442C652CBA0048BECD /* ExploreView.swift */; };
		2F3460472C652E0F0048BECD /* ListingView.swift in Sources */ = {isa = PBXBuildFile; fileRef = 2F3460462C652E0F0048BECD /* ListingView.swift */; };
		2F3460492C6536570048BECD /* Search_FilterBar.swift in Sources */ = {isa = PBXBuildFile; fileRef = 2F3460482C6536570048BECD /* Search_FilterBar.swift */; };
		2FB0C4D62C6520AB005D4F99 /* Air_BnB_CloneApp.swift in Sources */ = {isa = PBXBuildFile; fileRef = 2FB0C4D52C6520AB005D4F99 /* Air_BnB_CloneApp.swift */; };
		2FB0C4D82C6520AB005D4F99 /* ContentView.swift in Sources */ = {isa = PBXBuildFile; fileRef = 2FB0C4D72C6520AB005D4F99 /* ContentView.swift */; };
		2FB0C4DA2C6520AC005D4F99 /* Assets.xcassets in Resources */ = {isa = PBXBuildFile; fileRef = 2FB0C4D92C6520AC005D4F99 /* Assets.xcassets */; };
		2FB0C4DD2C6520AC005D4F99 /* Preview Assets.xcassets in Resources */ = {isa = PBXBuildFile; fileRef = 2FB0C4DC2C6520AC005D4F99 /* Preview Assets.xcassets */; };
		2FB642E82C687D830091F413 /* DestinationView.swift in Sources */ = {isa = PBXBuildFile; fileRef = 2FB642E72C687D830091F413 /* DestinationView.swift */; };
		2FF80E2F2C675FDD00400280 /* listingDetailView.swift in Sources */ = {isa = PBXBuildFile; fileRef = 2FF80E2E2C675FDD00400280 /* listingDetailView.swift */; };
		2FF80E322C67614E00400280 /* listingCarosalView.swift in Sources */ = {isa = PBXBuildFile; fileRef = 2FF80E312C67614E00400280 /* listingCarosalView.swift */; };
		2FF80E342C67663A00400280 /* nameDetailsReview.swift in Sources */ = {isa = PBXBuildFile; fileRef = 2FF80E332C67663A00400280 /* nameDetailsReview.swift */; };
/* End PBXBuildFile section */

/* Begin PBXFileReference section */
		2F3460442C652CBA0048BECD /* ExploreView.swift */ = {isa = PBXFileReference; lastKnownFileType = sourcecode.swift; path = ExploreView.swift; sourceTree = "<group>"; };
		2F3460462C652E0F0048BECD /* ListingView.swift */ = {isa = PBXFileReference; lastKnownFileType = sourcecode.swift; path = ListingView.swift; sourceTree = "<group>"; };
		2F3460482C6536570048BECD /* Search_FilterBar.swift */ = {isa = PBXFileReference; lastKnownFileType = sourcecode.swift; path = Search_FilterBar.swift; sourceTree = "<group>"; };
		2FB0C4D22C6520AB005D4F99 /* Air_BnB_Clone.app */ = {isa = PBXFileReference; explicitFileType = wrapper.application; includeInIndex = 0; path = Air_BnB_Clone.app; sourceTree = BUILT_PRODUCTS_DIR; };
		2FB0C4D52C6520AB005D4F99 /* Air_BnB_CloneApp.swift */ = {isa = PBXFileReference; lastKnownFileType = sourcecode.swift; path = Air_BnB_CloneApp.swift; sourceTree = "<group>"; };
		2FB0C4D72C6520AB005D4F99 /* ContentView.swift */ = {isa = PBXFileReference; lastKnownFileType = sourcecode.swift; path = ContentView.swift; sourceTree = "<group>"; };
		2FB0C4D92C6520AC005D4F99 /* Assets.xcassets */ = {isa = PBXFileReference; lastKnownFileType = folder.assetcatalog; path = Assets.xcassets; sourceTree = "<group>"; };
		2FB0C4DC2C6520AC005D4F99 /* Preview Assets.xcassets */ = {isa = PBXFileReference; lastKnownFileType = folder.assetcatalog; path = "Preview Assets.xcassets"; sourceTree = "<group>"; };
		2FB642E72C687D830091F413 /* DestinationView.swift */ = {isa = PBXFileReference; lastKnownFileType = sourcecode.swift; path = DestinationView.swift; sourceTree = "<group>"; };
		2FF80E2E2C675FDD00400280 /* listingDetailView.swift */ = {isa = PBXFileReference; lastKnownFileType = sourcecode.swift; path = listingDetailView.swift; sourceTree = "<group>"; };
		2FF80E312C67614E00400280 /* listingCarosalView.swift */ = {isa = PBXFileReference; lastKnownFileType = sourcecode.swift; path = listingCarosalView.swift; sourceTree = "<group>"; };
		2FF80E332C67663A00400280 /* nameDetailsReview.swift */ = {isa = PBXFileReference; lastKnownFileType = sourcecode.swift; path = nameDetailsReview.swift; sourceTree = "<group>"; };
/* End PBXFileReference section */

/* Begin PBXFrameworksBuildPhase section */
		2FB0C4CF2C6520AB005D4F99 /* Frameworks */ = {
			isa = PBXFrameworksBuildPhase;
			buildActionMask = 2147483647;
			files = (
			);
			runOnlyForDeploymentPostprocessing = 0;
		};
/* End PBXFrameworksBuildPhase section */

/* Begin PBXGroup section */
		2F3460382C652B5C0048BECD /* Core */ = {
			isa = PBXGroup;
			children = (
				2FF80E302C6760C500400280 /* componets */,
				2F34603D2C652BBC0048BECD /* Explore */,
				2F34603E2C652BC20048BECD /* Listings */,
				2F34603F2C652BCD0048BECD /* Map View */,
				2F3460402C652BD40048BECD /* Profile */,
				2F3460412C652BDB0048BECD /* Root */,
				2F3460422C652BE10048BECD /* Tabbar */,
				2F3460432C652BE70048BECD /* Wishlist */,
			);
			path = Core;
			sourceTree = "<group>";
		};
		2F3460392C652B640048BECD /* App */ = {
			isa = PBXGroup;
			children = (
			);
			path = App;
			sourceTree = "<group>";
		};
		2F34603A2C652B680048BECD /* Models */ = {
			isa = PBXGroup;
			children = (
			);
			path = Models;
			sourceTree = "<group>";
		};
		2F34603B2C652B700048BECD /* Utils */ = {
			isa = PBXGroup;
			children = (
			);
			path = Utils;
			sourceTree = "<group>";
		};
		2F34603C2C652B750048BECD /* Extensions */ = {
			isa = PBXGroup;
			children = (
			);
			path = Extensions;
			sourceTree = "<group>";
		};
		2F34603D2C652BBC0048BECD /* Explore */ = {
			isa = PBXGroup;
			children = (
				2F3460442C652CBA0048BECD /* ExploreView.swift */,
				2F3460482C6536570048BECD /* Search_FilterBar.swift */,
				2FB642E72C687D830091F413 /* DestinationView.swift */,
			);
			path = Explore;
			sourceTree = "<group>";
		};
		2F34603E2C652BC20048BECD /* Listings */ = {
			isa = PBXGroup;
			children = (
				2F3460462C652E0F0048BECD /* ListingView.swift */,
				2FF80E2E2C675FDD00400280 /* listingDetailView.swift */,
			);
			path = Listings;
			sourceTree = "<group>";
		};
		2F34603F2C652BCD0048BECD /* Map View */ = {
			isa = PBXGroup;
			children = (
			);
			path = "Map View";
			sourceTree = "<group>";
		};
		2F3460402C652BD40048BECD /* Profile */ = {
			isa = PBXGroup;
			children = (
			);
			path = Profile;
			sourceTree = "<group>";
		};
		2F3460412C652BDB0048BECD /* Root */ = {
			isa = PBXGroup;
			children = (
			);
			path = Root;
			sourceTree = "<group>";
		};
		2F3460422C652BE10048BECD /* Tabbar */ = {
			isa = PBXGroup;
			children = (
			);
			path = Tabbar;
			sourceTree = "<group>";
		};
		2F3460432C652BE70048BECD /* Wishlist */ = {
			isa = PBXGroup;
			children = (
			);
			path = Wishlist;
			sourceTree = "<group>";
		};
		2FB0C4C92C6520AB005D4F99 = {
			isa = PBXGroup;
			children = (
				2FB0C4D42C6520AB005D4F99 /* Air_BnB_Clone */,
				2FB0C4D32C6520AB005D4F99 /* Products */,
			);
			sourceTree = "<group>";
		};
		2FB0C4D32C6520AB005D4F99 /* Products */ = {
			isa = PBXGroup;
			children = (
				2FB0C4D22C6520AB005D4F99 /* Air_BnB_Clone.app */,
			);
			name = Products;
			sourceTree = "<group>";
		};
		2FB0C4D42C6520AB005D4F99 /* Air_BnB_Clone */ = {
			isa = PBXGroup;
			children = (
				2F3460392C652B640048BECD /* App */,
				2F3460382C652B5C0048BECD /* Core */,
				2F34603C2C652B750048BECD /* Extensions */,
				2F34603A2C652B680048BECD /* Models */,
				2F34603B2C652B700048BECD /* Utils */,
				2FB0C4D52C6520AB005D4F99 /* Air_BnB_CloneApp.swift */,
				2FB0C4D72C6520AB005D4F99 /* ContentView.swift */,
				2FB0C4D92C6520AC005D4F99 /* Assets.xcassets */,
				2FB0C4DB2C6520AC005D4F99 /* Preview Content */,
			);
			path = Air_BnB_Clone;
			sourceTree = "<group>";
		};
		2FB0C4DB2C6520AC005D4F99 /* Preview Content */ = {
			isa = PBXGroup;
			children = (
				2FB0C4DC2C6520AC005D4F99 /* Preview Assets.xcassets */,
			);
			path = "Preview Content";
			sourceTree = "<group>";
		};
		2FF80E302C6760C500400280 /* componets */ = {
			isa = PBXGroup;
			children = (
				2FF80E312C67614E00400280 /* listingCarosalView.swift */,
				2FF80E332C67663A00400280 /* nameDetailsReview.swift */,
			);
			path = componets;
			sourceTree = "<group>";
		};
/* End PBXGroup section */

/* Begin PBXNativeTarget section */
		2FB0C4D12C6520AB005D4F99 /* Air_BnB_Clone */ = {
			isa = PBXNativeTarget;
			buildConfigurationList = 2FB0C4E02C6520AC005D4F99 /* Build configuration list for PBXNativeTarget "Air_BnB_Clone" */;
			buildPhases = (
				2FB0C4CE2C6520AB005D4F99 /* Sources */,
				2FB0C4CF2C6520AB005D4F99 /* Frameworks */,
				2FB0C4D02C6520AB005D4F99 /* Resources */,
			);
			buildRules = (
			);
			dependencies = (
			);
			name = Air_BnB_Clone;
			productName = Air_BnB_Clone;
			productReference = 2FB0C4D22C6520AB005D4F99 /* Air_BnB_Clone.app */;
			productType = "com.apple.product-type.application";
		};
/* End PBXNativeTarget section */

/* Begin PBXProject section */
		2FB0C4CA2C6520AB005D4F99 /* Project object */ = {
			isa = PBXProject;
			attributes = {
				BuildIndependentTargetsInParallel = 1;
				LastSwiftUpdateCheck = 1540;
				LastUpgradeCheck = 1540;
				TargetAttributes = {
					2FB0C4D12C6520AB005D4F99 = {
						CreatedOnToolsVersion = 15.4;
					};
				};
			};
			buildConfigurationList = 2FB0C4CD2C6520AB005D4F99 /* Build configuration list for PBXProject "Air_BnB_Clone" */;
			compatibilityVersion = "Xcode 14.0";
			developmentRegion = en;
			hasScannedForEncodings = 0;
			knownRegions = (
				en,
				Base,
			);
			mainGroup = 2FB0C4C92C6520AB005D4F99;
			productRefGroup = 2FB0C4D32C6520AB005D4F99 /* Products */;
			projectDirPath = "";
			projectRoot = "";
			targets = (
				2FB0C4D12C6520AB005D4F99 /* Air_BnB_Clone */,
			);
		};
/* End PBXProject section */

/* Begin PBXResourcesBuildPhase section */
		2FB0C4D02C6520AB005D4F99 /* Resources */ = {
			isa = PBXResourcesBuildPhase;
			buildActionMask = 2147483647;
			files = (
				2FB0C4DD2C6520AC005D4F99 /* Preview Assets.xcassets in Resources */,
				2FB0C4DA2C6520AC005D4F99 /* Assets.xcassets in Resources */,
			);
			runOnlyForDeploymentPostprocessing = 0;
		};
/* End PBXResourcesBuildPhase section */

/* Begin PBXSourcesBuildPhase section */
		2FB0C4CE2C6520AB005D4F99 /* Sources */ = {
			isa = PBXSourcesBuildPhase;
			buildActionMask = 2147483647;
			files = (
				2FF80E2F2C675FDD00400280 /* listingDetailView.swift in Sources */,
				2FB0C4D82C6520AB005D4F99 /* ContentView.swift in Sources */,
				2F3460472C652E0F0048BECD /* ListingView.swift in Sources */,
				2FF80E342C67663A00400280 /* nameDetailsReview.swift in Sources */,
				2F3460492C6536570048BECD /* Search_FilterBar.swift in Sources */,
				2F3460452C652CBA0048BECD /* ExploreView.swift in Sources */,
				2FB0C4D62C6520AB005D4F99 /* Air_BnB_CloneApp.swift in Sources */,
				2FF80E322C67614E00400280 /* listingCarosalView.swift in Sources */,
				2FB642E82C687D830091F413 /* DestinationView.swift in Sources */,
			);
			runOnlyForDeploymentPostprocessing = 0;
		};
/* End PBXSourcesBuildPhase section */

/* Begin XCBuildConfiguration section */
		2FB0C4DE2C6520AC005D4F99 /* Debug */ = {
			isa = XCBuildConfiguration;
			buildSettings = {
				ALWAYS_SEARCH_USER_PATHS = NO;
				ASSETCATALOG_COMPILER_GENERATE_SWIFT_ASSET_SYMBOL_EXTENSIONS = YES;
				CLANG_ANALYZER_NONNULL = YES;
				CLANG_ANALYZER_NUMBER_OBJECT_CONVERSION = YES_AGGRESSIVE;
				CLANG_CXX_LANGUAGE_STANDARD = "gnu++20";
				CLANG_ENABLE_MODULES = YES;
				CLANG_ENABLE_OBJC_ARC = YES;
				CLANG_ENABLE_OBJC_WEAK = YES;
				CLANG_WARN_BLOCK_CAPTURE_AUTORELEASING = YES;
				CLANG_WARN_BOOL_CONVERSION = YES;
				CLANG_WARN_COMMA = YES;
				CLANG_WARN_CONSTANT_CONVERSION = YES;
				CLANG_WARN_DEPRECATED_OBJC_IMPLEMENTATIONS = YES;
				CLANG_WARN_DIRECT_OBJC_ISA_USAGE = YES_ERROR;
				CLANG_WARN_DOCUMENTATION_COMMENTS = YES;
				CLANG_WARN_EMPTY_BODY = YES;
				CLANG_WARN_ENUM_CONVERSION = YES;
				CLANG_WARN_INFINITE_RECURSION = YES;
				CLANG_WARN_INT_CONVERSION = YES;
				CLANG_WARN_NON_LITERAL_NULL_CONVERSION = YES;
				CLANG_WARN_OBJC_IMPLICIT_RETAIN_SELF = YES;
				CLANG_WARN_OBJC_LITERAL_CONVERSION = YES;
				CLANG_WARN_OBJC_ROOT_CLASS = YES_ERROR;
				CLANG_WARN_QUOTED_INCLUDE_IN_FRAMEWORK_HEADER = YES;
				CLANG_WARN_RANGE_LOOP_ANALYSIS = YES;
				CLANG_WARN_STRICT_PROTOTYPES = YES;
				CLANG_WARN_SUSPICIOUS_MOVE = YES;
				CLANG_WARN_UNGUARDED_AVAILABILITY = YES_AGGRESSIVE;
				CLANG_WARN_UNREACHABLE_CODE = YES;
				CLANG_WARN__DUPLICATE_METHOD_MATCH = YES;
				COPY_PHASE_STRIP = NO;
				DEBUG_INFORMATION_FORMAT = dwarf;
				ENABLE_STRICT_OBJC_MSGSEND = YES;
				ENABLE_TESTABILITY = YES;
				ENABLE_USER_SCRIPT_SANDBOXING = YES;
				GCC_C_LANGUAGE_STANDARD = gnu17;
				GCC_DYNAMIC_NO_PIC = NO;
				GCC_NO_COMMON_BLOCKS = YES;
				GCC_OPTIMIZATION_LEVEL = 0;
				GCC_PREPROCESSOR_DEFINITIONS = (
					"DEBUG=1",
					"$(inherited)",
				);
				GCC_WARN_64_TO_32_BIT_CONVERSION = YES;
				GCC_WARN_ABOUT_RETURN_TYPE = YES_ERROR;
				GCC_WARN_UNDECLARED_SELECTOR = YES;
				GCC_WARN_UNINITIALIZED_AUTOS = YES_AGGRESSIVE;
				GCC_WARN_UNUSED_FUNCTION = YES;
				GCC_WARN_UNUSED_VARIABLE = YES;
				IPHONEOS_DEPLOYMENT_TARGET = 17.5;
				LOCALIZATION_PREFERS_STRING_CATALOGS = YES;
				MTL_ENABLE_DEBUG_INFO = INCLUDE_SOURCE;
				MTL_FAST_MATH = YES;
				ONLY_ACTIVE_ARCH = YES;
				SDKROOT = iphoneos;
				SWIFT_ACTIVE_COMPILATION_CONDITIONS = "DEBUG $(inherited)";
				SWIFT_OPTIMIZATION_LEVEL = "-Onone";
			};
			name = Debug;
		};
		2FB0C4DF2C6520AC005D4F99 /* Release */ = {
			isa = XCBuildConfiguration;
			buildSettings = {
				ALWAYS_SEARCH_USER_PATHS = NO;
				ASSETCATALOG_COMPILER_GENERATE_SWIFT_ASSET_SYMBOL_EXTENSIONS = YES;
				CLANG_ANALYZER_NONNULL = YES;
				CLANG_ANALYZER_NUMBER_OBJECT_CONVERSION = YES_AGGRESSIVE;
				CLANG_CXX_LANGUAGE_STANDARD = "gnu++20";
				CLANG_ENABLE_MODULES = YES;
				CLANG_ENABLE_OBJC_ARC = YES;
				CLANG_ENABLE_OBJC_WEAK = YES;
				CLANG_WARN_BLOCK_CAPTURE_AUTORELEASING = YES;
				CLANG_WARN_BOOL_CONVERSION = YES;
				CLANG_WARN_COMMA = YES;
				CLANG_WARN_CONSTANT_CONVERSION = YES;
				CLANG_WARN_DEPRECATED_OBJC_IMPLEMENTATIONS = YES;
				CLANG_WARN_DIRECT_OBJC_ISA_USAGE = YES_ERROR;
				CLANG_WARN_DOCUMENTATION_COMMENTS = YES;
				CLANG_WARN_EMPTY_BODY = YES;
				CLANG_WARN_ENUM_CONVERSION = YES;
				CLANG_WARN_INFINITE_RECURSION = YES;
				CLANG_WARN_INT_CONVERSION = YES;
				CLANG_WARN_NON_LITERAL_NULL_CONVERSION = YES;
				CLANG_WARN_OBJC_IMPLICIT_RETAIN_SELF = YES;
				CLANG_WARN_OBJC_LITERAL_CONVERSION = YES;
				CLANG_WARN_OBJC_ROOT_CLASS = YES_ERROR;
				CLANG_WARN_QUOTED_INCLUDE_IN_FRAMEWORK_HEADER = YES;
				CLANG_WARN_RANGE_LOOP_ANALYSIS = YES;
				CLANG_WARN_STRICT_PROTOTYPES = YES;
				CLANG_WARN_SUSPICIOUS_MOVE = YES;
				CLANG_WARN_UNGUARDED_AVAILABILITY = YES_AGGRESSIVE;
				CLANG_WARN_UNREACHABLE_CODE = YES;
				CLANG_WARN__DUPLICATE_METHOD_MATCH = YES;
				COPY_PHASE_STRIP = NO;
				DEBUG_INFORMATION_FORMAT = "dwarf-with-dsym";
				ENABLE_NS_ASSERTIONS = NO;
				ENABLE_STRICT_OBJC_MSGSEND = YES;
				ENABLE_USER_SCRIPT_SANDBOXING = YES;
				GCC_C_LANGUAGE_STANDARD = gnu17;
				GCC_NO_COMMON_BLOCKS = YES;
				GCC_WARN_64_TO_32_BIT_CONVERSION = YES;
				GCC_WARN_ABOUT_RETURN_TYPE = YES_ERROR;
				GCC_WARN_UNDECLARED_SELECTOR = YES;
				GCC_WARN_UNINITIALIZED_AUTOS = YES_AGGRESSIVE;
				GCC_WARN_UNUSED_FUNCTION = YES;
				GCC_WARN_UNUSED_VARIABLE = YES;
				IPHONEOS_DEPLOYMENT_TARGET = 17.5;
				LOCALIZATION_PREFERS_STRING_CATALOGS = YES;
				MTL_ENABLE_DEBUG_INFO = NO;
				MTL_FAST_MATH = YES;
				SDKROOT = iphoneos;
				SWIFT_COMPILATION_MODE = wholemodule;
				VALIDATE_PRODUCT = YES;
			};
			name = Release;
		};
		2FB0C4E12C6520AC005D4F99 /* Debug */ = {
			isa = XCBuildConfiguration;
			buildSettings = {
				ASSETCATALOG_COMPILER_APPICON_NAME = AppIcon;
				ASSETCATALOG_COMPILER_GLOBAL_ACCENT_COLOR_NAME = AccentColor;
				CODE_SIGN_STYLE = Automatic;
				CURRENT_PROJECT_VERSION = 1;
				DEVELOPMENT_ASSET_PATHS = "\"Air_BnB_Clone/Preview Content\"";
				ENABLE_PREVIEWS = YES;
				GENERATE_INFOPLIST_FILE = YES;
				INFOPLIST_KEY_UIApplicationSceneManifest_Generation = YES;
				INFOPLIST_KEY_UIApplicationSupportsIndirectInputEvents = YES;
				INFOPLIST_KEY_UILaunchScreen_Generation = YES;
				INFOPLIST_KEY_UISupportedInterfaceOrientations_iPad = "UIInterfaceOrientationPortrait UIInterfaceOrientationPortraitUpsideDown UIInterfaceOrientationLandscapeLeft UIInterfaceOrientationLandscapeRight";
				INFOPLIST_KEY_UISupportedInterfaceOrientations_iPhone = "UIInterfaceOrientationPortrait UIInterfaceOrientationLandscapeLeft UIInterfaceOrientationLandscapeRight";
				LD_RUNPATH_SEARCH_PATHS = (
					"$(inherited)",
					"@executable_path/Frameworks",
				);
				MARKETING_VERSION = 1.0;
				PRODUCT_BUNDLE_IDENTIFIER = "com.Dev.Air-BnB-Clone";
				PRODUCT_NAME = "$(TARGET_NAME)";
				SWIFT_EMIT_LOC_STRINGS = YES;
				SWIFT_VERSION = 5.0;
				TARGETED_DEVICE_FAMILY = "1,2";
			};
			name = Debug;
		};
		2FB0C4E22C6520AC005D4F99 /* Release */ = {
			isa = XCBuildConfiguration;
			buildSettings = {
				ASSETCATALOG_COMPILER_APPICON_NAME = AppIcon;
				ASSETCATALOG_COMPILER_GLOBAL_ACCENT_COLOR_NAME = AccentColor;
				CODE_SIGN_STYLE = Automatic;
				CURRENT_PROJECT_VERSION = 1;
				DEVELOPMENT_ASSET_PATHS = "\"Air_BnB_Clone/Preview Content\"";
				ENABLE_PREVIEWS = YES;
				GENERATE_INFOPLIST_FILE = YES;
				INFOPLIST_KEY_UIApplicationSceneManifest_Generation = YES;
				INFOPLIST_KEY_UIApplicationSupportsIndirectInputEvents = YES;
				INFOPLIST_KEY_UILaunchScreen_Generation = YES;
				INFOPLIST_KEY_UISupportedInterfaceOrientations_iPad = "UIInterfaceOrientationPortrait UIInterfaceOrientationPortraitUpsideDown UIInterfaceOrientationLandscapeLeft UIInterfaceOrientationLandscapeRight";
				INFOPLIST_KEY_UISupportedInterfaceOrientations_iPhone = "UIInterfaceOrientationPortrait UIInterfaceOrientationLandscapeLeft UIInterfaceOrientationLandscapeRight";
				LD_RUNPATH_SEARCH_PATHS = (
					"$(inherited)",
					"@executable_path/Frameworks",
				);
				MARKETING_VERSION = 1.0;
				PRODUCT_BUNDLE_IDENTIFIER = "com.Dev.Air-BnB-Clone";
				PRODUCT_NAME = "$(TARGET_NAME)";
				SWIFT_EMIT_LOC_STRINGS = YES;
				SWIFT_VERSION = 5.0;
				TARGETED_DEVICE_FAMILY = "1,2";
			};
			name = Release;
		};
/* End XCBuildConfiguration section */

/* Begin XCConfigurationList section */
		2FB0C4CD2C6520AB005D4F99 /* Build configuration list for PBXProject "Air_BnB_Clone" */ = {
			isa = XCConfigurationList;
			buildConfigurations = (
				2FB0C4DE2C6520AC005D4F99 /* Debug */,
				2FB0C4DF2C6520AC005D4F99 /* Release */,
			);
			defaultConfigurationIsVisible = 0;
			defaultConfigurationName = Release;
		};
		2FB0C4E02C6520AC005D4F99 /* Build configuration list for PBXNativeTarget "Air_BnB_Clone" */ = {
			isa = XCConfigurationList;
			buildConfigurations = (
				2FB0C4E12C6520AC005D4F99 /* Debug */,
				2FB0C4E22C6520AC005D4F99 /* Release */,
			);
			defaultConfigurationIsVisible = 0;
			defaultConfigurationName = Release;
		};
/* End XCConfigurationList section */
	};
	rootObject = 2FB0C4CA2C6520AB005D4F99 /* Project object */;
}
